{
  "name": "target_domain_expire_check",
  "version": "1.0.0",
  "lockfileVersion": 2,
  "requires": true,
  "packages": {
    "": {
      "name": "target_domain_expire_check",
      "version": "1.0.0",
      "license": "ISC",
      "dependencies": {
        "whois-light": "^1.1.6"
      }
    },
    "node_modules/whois-light": {
      "version": "1.1.6",
      "resolved": "https://registry.npmjs.org/whois-light/-/whois-light-1.1.6.tgz",
      "integrity": "sha512-XM0OAZoIoA82YXvsfELIPJrOg2/1GAQsaU3MsZg6pS7SY4Rla8W6m4XmBMNKaNklbOXAx/J5gMc/8vyeV3yfUA=="
    }
  },
  "dependencies": {
    "whois-light": {
      "version": "1.1.6",
      "resolved": "https://registry.npmjs.org/whois-light/-/whois-light-1.1.6.tgz",
      "integrity": "sha512-XM0OAZoIoA82YXvsfELIPJrOg2/1GAQsaU3MsZg6pS7SY4Rla8W6m4XmBMNKaNklbOXAx/J5gMc/8vyeV3yfUA=="
    }
  }
}
